// !$*UTF8*$!
{
	archiveVersion = 1;
	classes = {
	};
	objectVersion = 46;
	objects = {

/* Begin PBXBuildFile section */
		9E280ADE1DA4EB510041C824 /* AppDelegate.swift in Sources */ = {isa = PBXBuildFile; fileRef = 9E280ADD1DA4EB510041C824 /* AppDelegate.swift */; };
		9E280AE01DA4EB510041C824 /* ViewController.swift in Sources */ = {isa = PBXBuildFile; fileRef = 9E280ADF1DA4EB510041C824 /* ViewController.swift */; };
		9E280AE31DA4EB510041C824 /* Main.storyboard in Resources */ = {isa = PBXBuildFile; fileRef = 9E280AE11DA4EB510041C824 /* Main.storyboard */; };
		9E280AE51DA4EB510041C824 /* Assets.xcassets in Resources */ = {isa = PBXBuildFile; fileRef = 9E280AE41DA4EB510041C824 /* Assets.xcassets */; };
		9E280AF01DA514D00041C824 /* AboutViewController.swift in Sources */ = {isa = PBXBuildFile; fileRef = 9E280AEF1DA514D00041C824 /* AboutViewController.swift */; };
		9E98356B1DA5235200FAC77A /* BullsEye.html in Resources */ = {isa = PBXBuildFile; fileRef = 9E98356A1DA5235200FAC77A /* BullsEye.html */; };
		9E98356E1DA52EDD00FAC77A /* Default-568h@2x.png in Resources */ = {isa = PBXBuildFile; fileRef = 9E98356C1DA52EDD00FAC77A /* Default-568h@2x.png */; };
		9E98356F1DA52EDD00FAC77A /* Default@2x.png in Resources */ = {isa = PBXBuildFile; fileRef = 9E98356D1DA52EDD00FAC77A /* Default@2x.png */; };
/* End PBXBuildFile section */

/* Begin PBXFileReference section */
		9E280ADA1DA4EB510041C824 /* BullEye.app */ = {isa = PBXFileReference; explicitFileType = wrapper.application; includeInIndex = 0; path = BullEye.app; sourceTree = BUILT_PRODUCTS_DIR; };
		9E280ADD1DA4EB510041C824 /* AppDelegate.swift */ = {isa = PBXFileReference; lastKnownFileType = sourcecode.swift; path = AppDelegate.swift; sourceTree = "<group>"; };
		9E280ADF1DA4EB510041C824 /* ViewController.swift */ = {isa = PBXFileReference; lastKnownFileType = sourcecode.swift; path = ViewController.swift; sourceTree = "<group>"; };
		9E280AE21DA4EB510041C824 /* Base */ = {isa = PBXFileReference; lastKnownFileType = file.storyboard; name = Base; path = Base.lproj/Main.storyboard; sourceTree = "<group>"; };
		9E280AE41DA4EB510041C824 /* Assets.xcassets */ = {isa = PBXFileReference; lastKnownFileType = folder.assetcatalog; path = Assets.xcassets; sourceTree = "<group>"; };
		9E280AE91DA4EB510041C824 /* Info.plist */ = {isa = PBXFileReference; lastKnownFileType = text.plist.xml; path = Info.plist; sourceTree = "<group>"; };
		9E280AEF1DA514D00041C824 /* AboutViewController.swift */ = {isa = PBXFileReference; fileEncoding = 4; lastKnownFileType = sourcecode.swift; path = AboutViewController.swift; sourceTree = "<group>"; };
		9E98356A1DA5235200FAC77A /* BullsEye.html */ = {isa = PBXFileReference; fileEncoding = 4; lastKnownFileType = text.html; path = BullsEye.html; sourceTree = "<group>"; };
		9E98356C1DA52EDD00FAC77A /* Default-568h@2x.png */ = {isa = PBXFileReference; lastKnownFileType = image.png; path = "Default-568h@2x.png"; sourceTree = "<group>"; };
		9E98356D1DA52EDD00FAC77A /* Default@2x.png */ = {isa = PBXFileReference; lastKnownFileType = image.png; path = "Default@2x.png"; sourceTree = "<group>"; };
/* End PBXFileReference section */

/* Begin PBXFrameworksBuildPhase section */
		9E280AD71DA4EB510041C824 /* Frameworks */ = {
			isa = PBXFrameworksBuildPhase;
			buildActionMask = 2147483647;
			files = (
			);
			runOnlyForDeploymentPostprocessing = 0;
		};
/* End PBXFrameworksBuildPhase section */

/* Begin PBXGroup section */
		9E280AD11DA4EB510041C824 = {
			isa = PBXGroup;
			children = (
				9E280ADC1DA4EB510041C824 /* BullEye */,
				9E280ADB1DA4EB510041C824 /* Products */,
			);
			sourceTree = "<group>";
		};
		9E280ADB1DA4EB510041C824 /* Products */ = {
			isa = PBXGroup;
			children = (
				9E280ADA1DA4EB510041C824 /* BullEye.app */,
			);
			name = Products;
			sourceTree = "<group>";
		};
		9E280ADC1DA4EB510041C824 /* BullEye */ = {
			isa = PBXGroup;
			children = (
				9E98356C1DA52EDD00FAC77A /* Default-568h@2x.png */,
				9E98356D1DA52EDD00FAC77A /* Default@2x.png */,
				9E98356A1DA5235200FAC77A /* BullsEye.html */,
				9E280ADD1DA4EB510041C824 /* AppDelegate.swift */,
				9E280ADF1DA4EB510041C824 /* ViewController.swift */,
				9E280AEF1DA514D00041C824 /* AboutViewController.swift */,
				9E280AE11DA4EB510041C824 /* Main.storyboard */,
				9E280AE41DA4EB510041C824 /* Assets.xcassets */,
				9E280AE91DA4EB510041C824 /* Info.plist */,
			);
			path = BullEye;
			sourceTree = "<group>";
		};
/* End PBXGroup section */

/* Begin PBXNativeTarget section */
		9E280AD91DA4EB510041C824 /* BullEye */ = {
			isa = PBXNativeTarget;
			buildConfigurationList = 9E280AEC1DA4EB510041C824 /* Build configuration list for PBXNativeTarget "BullEye" */;
			buildPhases = (
				9E280AD61DA4EB510041C824 /* Sources */,
				9E280AD71DA4EB510041C824 /* Frameworks */,
				9E280AD81DA4EB510041C824 /* Resources */,
			);
			buildRules = (
			);
			dependencies = (
			);
			name = BullEye;
			productName = BullEye;
			productReference = 9E280ADA1DA4EB510041C824 /* BullEye.app */;
			productType = "com.apple.product-type.application";
		};
/* End PBXNativeTarget section */

/* Begin PBXProject section */
		9E280AD21DA4EB510041C824 /* Project object */ = {
			isa = PBXProject;
			attributes = {
				LastSwiftUpdateCheck = 0800;
				LastUpgradeCheck = 0800;
				ORGANIZATIONNAME = shaowei;
				TargetAttributes = {
					9E280AD91DA4EB510041C824 = {
						CreatedOnToolsVersion = 8.0;
						DevelopmentTeam = 8EZAJ4NGNZ;
						ProvisioningStyle = Automatic;
					};
				};
			};
			buildConfigurationList = 9E280AD51DA4EB510041C824 /* Build configuration list for PBXProject "BullEye" */;
			compatibilityVersion = "Xcode 3.2";
			developmentRegion = English;
			hasScannedForEncodings = 0;
			knownRegions = (
				en,
				Base,
			);
			mainGroup = 9E280AD11DA4EB510041C824;
			productRefGroup = 9E280ADB1DA4EB510041C824 /* Products */;
			projectDirPath = "";
			projectRoot = "";
			targets = (
				9E280AD91DA4EB510041C824 /* BullEye */,
			);
		};
/* End PBXProject section */

/* Begin PBXResourcesBuildPhase section */
		9E280AD81DA4EB510041C824 /* Resources */ = {
			isa = PBXResourcesBuildPhase;
			buildActionMask = 2147483647;
			files = (
				9E98356B1DA5235200FAC77A /* BullsEye.html in Resources */,
				9E98356E1DA52EDD00FAC77A /* Default-568h@2x.png in Resources */,
				9E98356F1DA52EDD00FAC77A /* Default@2x.png in Resources */,
				9E280AE51DA4EB510041C824 /* Assets.xcassets in Resources */,
				9E280AE31DA4EB510041C824 /* Main.storyboard in Resources */,
			);
			runOnlyForDeploymentPostprocessing = 0;
		};
/* End PBXResourcesBuildPhase section */

/* Begin PBXSourcesBuildPhase section */
		9E280AD61DA4EB510041C824 /* Sources */ = {
			isa = PBXSourcesBuildPhase;
			buildActionMask = 2147483647;
			files = (
				9E280AF01DA514D00041C824 /* AboutViewController.swift in Sources */,
				9E280AE01DA4EB510041C824 /* ViewController.swift in Sources */,
				9E280ADE1DA4EB510041C824 /* AppDelegate.swift in Sources */,
			);
			runOnlyForDeploymentPostprocessing = 0;
		};
/* End PBXSourcesBuildPhase section */

/* Begin PBXVariantGroup section */
		9E280AE11DA4EB510041C824 /* Main.storyboard */ = {
			isa = PBXVariantGroup;
			children = (
				9E280AE21DA4EB510041C824 /* Base */,
			);
			name = Main.storyboard;
			sourceTree = "<group>";
		};
/* End PBXVariantGroup section */

/* Begin XCBuildConfiguration section */
		9E280AEA1DA4EB510041C824 /* Debug */ = {
			isa = XCBuildConfiguration;
			buildSettings = {
				ALWAYS_SEARCH_USER_PATHS = NO;
				CLANG_ANALYZER_NONNULL = YES;
				CLANG_CXX_LANGUAGE_STANDARD = "gnu++0x";
				CLANG_CXX_LIBRARY = "libc++";
				CLANG_ENABLE_MODULES = YES;
				CLANG_ENABLE_OBJC_ARC = YES;
				CLANG_WARN_BOOL_CONVERSION = YES;
				CLANG_WARN_CONSTANT_CONVERSION = YES;
				CLANG_WARN_DIRECT_OBJC_ISA_USAGE = YES_ERROR;
				CLANG_WARN_DOCUMENTATION_COMMENTS = YES;
				CLANG_WARN_EMPTY_BODY = YES;
				CLANG_WARN_ENUM_CONVERSION = YES;
				CLANG_WARN_INFINITE_RECURSION = YES;
				CLANG_WARN_INT_CONVERSION = YES;
				CLANG_WARN_OBJC_ROOT_CLASS = YES_ERROR;
				CLANG_WARN_SUSPICIOUS_MOVES = YES;
				CLANG_WARN_UNREACHABLE_CODE = YES;
				CLANG_WARN__DUPLICATE_METHOD_MATCH = YES;
				"CODE_SIGN_IDENTITY[sdk=iphoneos*]" = "iPhone Developer";
				COPY_PHASE_STRIP = NO;
				DEBUG_INFORMATION_FORMAT = dwarf;
				ENABLE_STRICT_OBJC_MSGSEND = YES;
				ENABLE_TESTABILITY = YES;
				GCC_C_LANGUAGE_STANDARD = gnu99;
				GCC_DYNAMIC_NO_PIC = NO;
				GCC_NO_COMMON_BLOCKS = YES;
				GCC_OPTIMIZATION_LEVEL = 0;
				GCC_PREPROCESSOR_DEFINITIONS = (
					"DEBUG=1",
					"$(inherited)",
				);
				GCC_WARN_64_TO_32_BIT_CONVERSION = YES;
				GCC_WARN_ABOUT_RETURN_TYPE = YES_ERROR;
				GCC_WARN_UNDECLARED_SELECTOR = YES;
				GCC_WARN_UNINITIALIZED_AUTOS = YES_AGGRESSIVE;
				GCC_WARN_UNUSED_FUNCTION = YES;
				GCC_WARN_UNUSED_VARIABLE = YES;
				IPHONEOS_DEPLOYMENT_TARGET = 10.0;
				MTL_ENABLE_DEBUG_INFO = YES;
				ONLY_ACTIVE_ARCH = YES;
				SDKROOT = iphoneos;
				SWIFT_ACTIVE_COMPILATION_CONDITIONS = DEBUG;
				SWIFT_OPTIMIZATION_LEVEL = "-Onone";
			};
			name = Debug;
		};
		9E280AEB1DA4EB510041C824 /* Release */ = {
			isa = XCBuildConfiguration;
			buildSettings = {
				ALWAYS_SEARCH_USER_PATHS = NO;
				CLANG_ANALYZER_NONNULL = YES;
				CLANG_CXX_LANGUAGE_STANDARD = "gnu++0x";
				CLANG_CXX_LIBRARY = "libc++";
				CLANG_ENABLE_MODULES = YES;
				CLANG_ENABLE_OBJC_ARC = YES;
				CLANG_WARN_BOOL_CONVERSION = YES;
				CLANG_WARN_CONSTANT_CONVERSION = YES;
				CLANG_WARN_DIRECT_OBJC_ISA_USAGE = YES_ERROR;
				CLANG_WARN_DOCUMENTATION_COMMENTS = YES;
				CLANG_WARN_EMPTY_BODY = YES;
				CLANG_WARN_ENUM_CONVERSION = YES;
				CLANG_WARN_INFINITE_RECURSION = YES;
				CLANG_WARN_INT_CONVERSION = YES;
				CLANG_WARN_OBJC_ROOT_CLASS = YES_ERROR;
				CLANG_WARN_SUSPICIOUS_MOVES = YES;
				CLANG_WARN_UNREACHABLE_CODE = YES;
				CLANG_WARN__DUPLICATE_METHOD_MATCH = YES;
				"CODE_SIGN_IDENTITY[sdk=iphoneos*]" = "iPhone Developer";
				COPY_PHASE_STRIP = NO;
				DEBUG_INFORMATION_FORMAT = "dwarf-with-dsym";
				ENABLE_NS_ASSERTIONS = NO;
				ENABLE_STRICT_OBJC_MSGSEND = YES;
				GCC_C_LANGUAGE_STANDARD = gnu99;
				GCC_NO_COMMON_BLOCKS = YES;
				GCC_WARN_64_TO_32_BIT_CONVERSION = YES;
				GCC_WARN_ABOUT_RETURN_TYPE = YES_ERROR;
				GCC_WARN_UNDECLARED_SELECTOR = YES;
				GCC_WARN_UNINITIALIZED_AUTOS = YES_AGGRESSIVE;
				GCC_WARN_UNUSED_FUNCTION = YES;
				GCC_WARN_UNUSED_VARIABLE = YES;
				IPHONEOS_DEPLOYMENT_TARGET = 10.0;
				MTL_ENABLE_DEBUG_INFO = NO;
				SDKROOT = iphoneos;
				SWIFT_OPTIMIZATION_LEVEL = "-Owholemodule";
				VALIDATE_PRODUCT = YES;
			};
			name = Release;
		};
		9E280AED1DA4EB510041C824 /* Debug */ = {
			isa = XCBuildConfiguration;
			buildSettings = {
				ASSETCATALOG_COMPILER_APPICON_NAME = AppIcon;
				DEVELOPMENT_TEAM = 8EZAJ4NGNZ;
				INFOPLIST_FILE = BullEye/Info.plist;
				LD_RUNPATH_SEARCH_PATHS = "$(inherited) @executable_path/Frameworks";
				PRODUCT_BUNDLE_IDENTIFIER = com.hopsken.BullEye;
				PRODUCT_NAME = "$(TARGET_NAME)";
				SWIFT_VERSION = 3.0;
			};
			name = Debug;
		};
		9E280AEE1DA4EB510041C824 /* Release */ = {
			isa = XCBuildConfiguration;
			buildSettings = {
				ASSETCATALOG_COMPILER_APPICON_NAME = AppIcon;
				DEVELOPMENT_TEAM = 8EZAJ4NGNZ;
				INFOPLIST_FILE = BullEye/Info.plist;
				LD_RUNPATH_SEARCH_PATHS = "$(inherited) @executable_path/Frameworks";
				PRODUCT_BUNDLE_IDENTIFIER = com.hopsken.BullEye;
				PRODUCT_NAME = "$(TARGET_NAME)";
				SWIFT_VERSION = 3.0;
			};
			name = Release;
		};
/* End XCBuildConfiguration section */

/* Begin XCConfigurationList section */
		9E280AD51DA4EB510041C824 /* Build configuration list for PBXProject "BullEye" */ = {
			isa = XCConfigurationList;
			buildConfigurations = (
				9E280AEA1DA4EB510041C824 /* Debug */,
				9E280AEB1DA4EB510041C824 /* Release */,
			);
			defaultConfigurationIsVisible = 0;
			defaultConfigurationName = Release;
		};
		9E280AEC1DA4EB510041C824 /* Build configuration list for PBXNativeTarget "BullEye" */ = {
			isa = XCConfigurationList;
			buildConfigurations = (
				9E280AED1DA4EB510041C824 /* Debug */,
				9E280AEE1DA4EB510041C824 /* Release */,
			);
			defaultConfigurationIsVisible = 0;
			defaultConfigurationName = Release;
		};
/* End XCConfigurationList section */
	};
	rootObject = 9E280AD21DA4EB510041C824 /* Project object */;
}
