// !$*UTF8*$!
{
	archiveVersion = 1;
	classes = {
	};
	objectVersion = 46;
	objects = {

/* Begin PBXBuildFile section */
		9E6BE2B11DA2B2600085F481 /* AppDelegate.swift in Sources */ = {isa = PBXBuildFile; fileRef = 9E6BE2B01DA2B2600085F481 /* AppDelegate.swift */; };
		9E6BE2B31DA2B2600085F481 /* ViewController.swift in Sources */ = {isa = PBXBuildFile; fileRef = 9E6BE2B21DA2B2600085F481 /* ViewController.swift */; };
		9E6BE2B61DA2B2600085F481 /* Main.storyboard in Resources */ = {isa = PBXBuildFile; fileRef = 9E6BE2B41DA2B2600085F481 /* Main.storyboard */; };
		9E6BE2B81DA2B2600085F481 /* Assets.xcassets in Resources */ = {isa = PBXBuildFile; fileRef = 9E6BE2B71DA2B2600085F481 /* Assets.xcassets */; };
		9E6BE2BB1DA2B2600085F481 /* LaunchScreen.storyboard in Resources */ = {isa = PBXBuildFile; fileRef = 9E6BE2B91DA2B2600085F481 /* LaunchScreen.storyboard */; };
		9E6BE2C31DA2B59A0085F481 /* ItemTableViewCell.swift in Sources */ = {isa = PBXBuildFile; fileRef = 9E6BE2C21DA2B59A0085F481 /* ItemTableViewCell.swift */; };
/* End PBXBuildFile section */

/* Begin PBXFileReference section */
		9E6BE2AD1DA2B2600085F481 /* todo.app */ = {isa = PBXFileReference; explicitFileType = wrapper.application; includeInIndex = 0; path = todo.app; sourceTree = BUILT_PRODUCTS_DIR; };
		9E6BE2B01DA2B2600085F481 /* AppDelegate.swift */ = {isa = PBXFileReference; lastKnownFileType = sourcecode.swift; path = AppDelegate.swift; sourceTree = "<group>"; };
		9E6BE2B21DA2B2600085F481 /* ViewController.swift */ = {isa = PBXFileReference; lastKnownFileType = sourcecode.swift; path = ViewController.swift; sourceTree = "<group>"; };
		9E6BE2B51DA2B2600085F481 /* Base */ = {isa = PBXFileReference; lastKnownFileType = file.storyboard; name = Base; path = Base.lproj/Main.storyboard; sourceTree = "<group>"; };
		9E6BE2B71DA2B2600085F481 /* Assets.xcassets */ = {isa = PBXFileReference; lastKnownFileType = folder.assetcatalog; path = Assets.xcassets; sourceTree = "<group>"; };
		9E6BE2BA1DA2B2600085F481 /* Base */ = {isa = PBXFileReference; lastKnownFileType = file.storyboard; name = Base; path = Base.lproj/LaunchScreen.storyboard; sourceTree = "<group>"; };
		9E6BE2BC1DA2B2600085F481 /* Info.plist */ = {isa = PBXFileReference; lastKnownFileType = text.plist.xml; path = Info.plist; sourceTree = "<group>"; };
		9E6BE2C21DA2B59A0085F481 /* ItemTableViewCell.swift */ = {isa = PBXFileReference; fileEncoding = 4; lastKnownFileType = sourcecode.swift; path = ItemTableViewCell.swift; sourceTree = "<group>"; };
/* End PBXFileReference section */

/* Begin PBXFrameworksBuildPhase section */
		9E6BE2AA1DA2B25F0085F481 /* Frameworks */ = {
			isa = PBXFrameworksBuildPhase;
			buildActionMask = 2147483647;
			files = (
			);
			runOnlyForDeploymentPostprocessing = 0;
		};
/* End PBXFrameworksBuildPhase section */

/* Begin PBXGroup section */
		9E6BE2A41DA2B25F0085F481 = {
			isa = PBXGroup;
			children = (
				9E6BE2AF1DA2B2600085F481 /* todo */,
				9E6BE2AE1DA2B2600085F481 /* Products */,
			);
			sourceTree = "<group>";
		};
		9E6BE2AE1DA2B2600085F481 /* Products */ = {
			isa = PBXGroup;
			children = (
				9E6BE2AD1DA2B2600085F481 /* todo.app */,
			);
			name = Products;
			sourceTree = "<group>";
		};
		9E6BE2AF1DA2B2600085F481 /* todo */ = {
			isa = PBXGroup;
			children = (
				9E6BE2B01DA2B2600085F481 /* AppDelegate.swift */,
				9E6BE2B21DA2B2600085F481 /* ViewController.swift */,
				9E6BE2C21DA2B59A0085F481 /* ItemTableViewCell.swift */,
				9E6BE2B41DA2B2600085F481 /* Main.storyboard */,
				9E6BE2B71DA2B2600085F481 /* Assets.xcassets */,
				9E6BE2B91DA2B2600085F481 /* LaunchScreen.storyboard */,
				9E6BE2BC1DA2B2600085F481 /* Info.plist */,
			);
			path = todo;
			sourceTree = "<group>";
		};
/* End PBXGroup section */

/* Begin PBXNativeTarget section */
		9E6BE2AC1DA2B25F0085F481 /* todo */ = {
			isa = PBXNativeTarget;
			buildConfigurationList = 9E6BE2BF1DA2B2600085F481 /* Build configuration list for PBXNativeTarget "todo" */;
			buildPhases = (
				9E6BE2A91DA2B25F0085F481 /* Sources */,
				9E6BE2AA1DA2B25F0085F481 /* Frameworks */,
				9E6BE2AB1DA2B25F0085F481 /* Resources */,
			);
			buildRules = (
			);
			dependencies = (
			);
			name = todo;
			productName = todo;
			productReference = 9E6BE2AD1DA2B2600085F481 /* todo.app */;
			productType = "com.apple.product-type.application";
		};
/* End PBXNativeTarget section */

/* Begin PBXProject section */
		9E6BE2A51DA2B25F0085F481 /* Project object */ = {
			isa = PBXProject;
			attributes = {
				LastSwiftUpdateCheck = 0800;
				LastUpgradeCheck = 0800;
				ORGANIZATIONNAME = shaowei;
				TargetAttributes = {
					9E6BE2AC1DA2B25F0085F481 = {
						CreatedOnToolsVersion = 8.0;
						DevelopmentTeam = 8EZAJ4NGNZ;
						ProvisioningStyle = Automatic;
					};
				};
			};
			buildConfigurationList = 9E6BE2A81DA2B25F0085F481 /* Build configuration list for PBXProject "todo" */;
			compatibilityVersion = "Xcode 3.2";
			developmentRegion = English;
			hasScannedForEncodings = 0;
			knownRegions = (
				en,
				Base,
			);
			mainGroup = 9E6BE2A41DA2B25F0085F481;
			productRefGroup = 9E6BE2AE1DA2B2600085F481 /* Products */;
			projectDirPath = "";
			projectRoot = "";
			targets = (
				9E6BE2AC1DA2B25F0085F481 /* todo */,
			);
		};
/* End PBXProject section */

/* Begin PBXResourcesBuildPhase section */
		9E6BE2AB1DA2B25F0085F481 /* Resources */ = {
			isa = PBXResourcesBuildPhase;
			buildActionMask = 2147483647;
			files = (
				9E6BE2BB1DA2B2600085F481 /* LaunchScreen.storyboard in Resources */,
				9E6BE2B81DA2B2600085F481 /* Assets.xcassets in Resources */,
				9E6BE2B61DA2B2600085F481 /* Main.storyboard in Resources */,
			);
			runOnlyForDeploymentPostprocessing = 0;
		};
/* End PBXResourcesBuildPhase section */

/* Begin PBXSourcesBuildPhase section */
		9E6BE2A91DA2B25F0085F481 /* Sources */ = {
			isa = PBXSourcesBuildPhase;
			buildActionMask = 2147483647;
			files = (
				9E6BE2B31DA2B2600085F481 /* ViewController.swift in Sources */,
				9E6BE2C31DA2B59A0085F481 /* ItemTableViewCell.swift in Sources */,
				9E6BE2B11DA2B2600085F481 /* AppDelegate.swift in Sources */,
			);
			runOnlyForDeploymentPostprocessing = 0;
		};
/* End PBXSourcesBuildPhase section */

/* Begin PBXVariantGroup section */
		9E6BE2B41DA2B2600085F481 /* Main.storyboard */ = {
			isa = PBXVariantGroup;
			children = (
				9E6BE2B51DA2B2600085F481 /* Base */,
			);
			name = Main.storyboard;
			sourceTree = "<group>";
		};
		9E6BE2B91DA2B2600085F481 /* LaunchScreen.storyboard */ = {
			isa = PBXVariantGroup;
			children = (
				9E6BE2BA1DA2B2600085F481 /* Base */,
			);
			name = LaunchScreen.storyboard;
			sourceTree = "<group>";
		};
/* End PBXVariantGroup section */

/* Begin XCBuildConfiguration section */
		9E6BE2BD1DA2B2600085F481 /* Debug */ = {
			isa = XCBuildConfiguration;
			buildSettings = {
				ALWAYS_SEARCH_USER_PATHS = NO;
				CLANG_ANALYZER_NONNULL = YES;
				CLANG_CXX_LANGUAGE_STANDARD = "gnu++0x";
				CLANG_CXX_LIBRARY = "libc++";
				CLANG_ENABLE_MODULES = YES;
				CLANG_ENABLE_OBJC_ARC = YES;
				CLANG_WARN_BOOL_CONVERSION = YES;
				CLANG_WARN_CONSTANT_CONVERSION = YES;
				CLANG_WARN_DIRECT_OBJC_ISA_USAGE = YES_ERROR;
				CLANG_WARN_DOCUMENTATION_COMMENTS = YES;
				CLANG_WARN_EMPTY_BODY = YES;
				CLANG_WARN_ENUM_CONVERSION = YES;
				CLANG_WARN_INFINITE_RECURSION = YES;
				CLANG_WARN_INT_CONVERSION = YES;
				CLANG_WARN_OBJC_ROOT_CLASS = YES_ERROR;
				CLANG_WARN_SUSPICIOUS_MOVES = YES;
				CLANG_WARN_UNREACHABLE_CODE = YES;
				CLANG_WARN__DUPLICATE_METHOD_MATCH = YES;
				"CODE_SIGN_IDENTITY[sdk=iphoneos*]" = "iPhone Developer";
				COPY_PHASE_STRIP = NO;
				DEBUG_INFORMATION_FORMAT = dwarf;
				ENABLE_STRICT_OBJC_MSGSEND = YES;
				ENABLE_TESTABILITY = YES;
				GCC_C_LANGUAGE_STANDARD = gnu99;
				GCC_DYNAMIC_NO_PIC = NO;
				GCC_NO_COMMON_BLOCKS = YES;
				GCC_OPTIMIZATION_LEVEL = 0;
				GCC_PREPROCESSOR_DEFINITIONS = (
					"DEBUG=1",
					"$(inherited)",
				);
				GCC_WARN_64_TO_32_BIT_CONVERSION = YES;
				GCC_WARN_ABOUT_RETURN_TYPE = YES_ERROR;
				GCC_WARN_UNDECLARED_SELECTOR = YES;
				GCC_WARN_UNINITIALIZED_AUTOS = YES_AGGRESSIVE;
				GCC_WARN_UNUSED_FUNCTION = YES;
				GCC_WARN_UNUSED_VARIABLE = YES;
				IPHONEOS_DEPLOYMENT_TARGET = 10.0;
				MTL_ENABLE_DEBUG_INFO = YES;
				ONLY_ACTIVE_ARCH = YES;
				SDKROOT = iphoneos;
				SWIFT_ACTIVE_COMPILATION_CONDITIONS = DEBUG;
				SWIFT_OPTIMIZATION_LEVEL = "-Onone";
			};
			name = Debug;
		};
		9E6BE2BE1DA2B2600085F481 /* Release */ = {
			isa = XCBuildConfiguration;
			buildSettings = {
				ALWAYS_SEARCH_USER_PATHS = NO;
				CLANG_ANALYZER_NONNULL = YES;
				CLANG_CXX_LANGUAGE_STANDARD = "gnu++0x";
				CLANG_CXX_LIBRARY = "libc++";
				CLANG_ENABLE_MODULES = YES;
				CLANG_ENABLE_OBJC_ARC = YES;
				CLANG_WARN_BOOL_CONVERSION = YES;
				CLANG_WARN_CONSTANT_CONVERSION = YES;
				CLANG_WARN_DIRECT_OBJC_ISA_USAGE = YES_ERROR;
				CLANG_WARN_DOCUMENTATION_COMMENTS = YES;
				CLANG_WARN_EMPTY_BODY = YES;
				CLANG_WARN_ENUM_CONVERSION = YES;
				CLANG_WARN_INFINITE_RECURSION = YES;
				CLANG_WARN_INT_CONVERSION = YES;
				CLANG_WARN_OBJC_ROOT_CLASS = YES_ERROR;
				CLANG_WARN_SUSPICIOUS_MOVES = YES;
				CLANG_WARN_UNREACHABLE_CODE = YES;
				CLANG_WARN__DUPLICATE_METHOD_MATCH = YES;
				"CODE_SIGN_IDENTITY[sdk=iphoneos*]" = "iPhone Developer";
				COPY_PHASE_STRIP = NO;
				DEBUG_INFORMATION_FORMAT = "dwarf-with-dsym";
				ENABLE_NS_ASSERTIONS = NO;
				ENABLE_STRICT_OBJC_MSGSEND = YES;
				GCC_C_LANGUAGE_STANDARD = gnu99;
				GCC_NO_COMMON_BLOCKS = YES;
				GCC_WARN_64_TO_32_BIT_CONVERSION = YES;
				GCC_WARN_ABOUT_RETURN_TYPE = YES_ERROR;
				GCC_WARN_UNDECLARED_SELECTOR = YES;
				GCC_WARN_UNINITIALIZED_AUTOS = YES_AGGRESSIVE;
				GCC_WARN_UNUSED_FUNCTION = YES;
				GCC_WARN_UNUSED_VARIABLE = YES;
				IPHONEOS_DEPLOYMENT_TARGET = 10.0;
				MTL_ENABLE_DEBUG_INFO = NO;
				SDKROOT = iphoneos;
				SWIFT_OPTIMIZATION_LEVEL = "-Owholemodule";
				VALIDATE_PRODUCT = YES;
			};
			name = Release;
		};
		9E6BE2C01DA2B2600085F481 /* Debug */ = {
			isa = XCBuildConfiguration;
			buildSettings = {
				ASSETCATALOG_COMPILER_APPICON_NAME = AppIcon;
				DEVELOPMENT_TEAM = 8EZAJ4NGNZ;
				INFOPLIST_FILE = todo/Info.plist;
				LD_RUNPATH_SEARCH_PATHS = "$(inherited) @executable_path/Frameworks";
				PRODUCT_BUNDLE_IDENTIFIER = com.hopsken.todo;
				PRODUCT_NAME = "$(TARGET_NAME)";
				SWIFT_VERSION = 3.0;
			};
			name = Debug;
		};
		9E6BE2C11DA2B2600085F481 /* Release */ = {
			isa = XCBuildConfiguration;
			buildSettings = {
				ASSETCATALOG_COMPILER_APPICON_NAME = AppIcon;
				DEVELOPMENT_TEAM = 8EZAJ4NGNZ;
				INFOPLIST_FILE = todo/Info.plist;
				LD_RUNPATH_SEARCH_PATHS = "$(inherited) @executable_path/Frameworks";
				PRODUCT_BUNDLE_IDENTIFIER = com.hopsken.todo;
				PRODUCT_NAME = "$(TARGET_NAME)";
				SWIFT_VERSION = 3.0;
			};
			name = Release;
		};
/* End XCBuildConfiguration section */

/* Begin XCConfigurationList section */
		9E6BE2A81DA2B25F0085F481 /* Build configuration list for PBXProject "todo" */ = {
			isa = XCConfigurationList;
			buildConfigurations = (
				9E6BE2BD1DA2B2600085F481 /* Debug */,
				9E6BE2BE1DA2B2600085F481 /* Release */,
			);
			defaultConfigurationIsVisible = 0;
			defaultConfigurationName = Release;
		};
		9E6BE2BF1DA2B2600085F481 /* Build configuration list for PBXNativeTarget "todo" */ = {
			isa = XCConfigurationList;
			buildConfigurations = (
				9E6BE2C01DA2B2600085F481 /* Debug */,
				9E6BE2C11DA2B2600085F481 /* Release */,
			);
			defaultConfigurationIsVisible = 0;
			defaultConfigurationName = Release;
		};
/* End XCConfigurationList section */
	};
	rootObject = 9E6BE2A51DA2B25F0085F481 /* Project object */;
}
